
Microsoft Visual Studio Solution File, Format Version 12.00
# Visual Studio Version 16
VisualStudioVersion = 16.0.34114.132
MinimumVisualStudioVersion = 10.0.40219.1
Project("{FAE04EC0-301F-11D3-BF4B-00C04F79EFBC}") = "Dima __Wataeen __Club", "Dima _Wataeen _Club\Dima __Wataeen __Club.csproj", "{4A089D04-5D10-45C4-AD34-ECE9739F229C}"
EndProject
Global
	GlobalSection(SolutionConfigurationPlatforms) = preSolution
		1|Any CPU = 1|Any CPU
		Debug|Any CPU = Debug|Any CPU
		Release|Any CPU = Release|Any CPU
	EndGlobalSection
	GlobalSection(ProjectConfigurationPlatforms) = postSolution
		{4A089D04-5D10-45C4-AD34-ECE9739F229C}.1|Any CPU.ActiveCfg = 1|Any CPU
		{4A089D04-5D10-45C4-AD34-ECE9739F229C}.1|Any CPU.Build.0 = 1|Any CPU
		{4A089D04-5D10-45C4-AD34-ECE9739F229C}.Debug|Any CPU.ActiveCfg = Release|Any CPU
		{4A089D04-5D10-45C4-AD34-ECE9739F229C}.Debug|Any CPU.Build.0 = Release|Any CPU
		{4A089D04-5D10-45C4-AD34-ECE9739F229C}.Release|Any CPU.ActiveCfg = Release|Any CPU
		{4A089D04-5D10-45C4-AD34-ECE9739F229C}.Release|Any CPU.Build.0 = Release|Any CPU
	EndGlobalSection
	GlobalSection(SolutionProperties) = preSolution
		HideSolutionNode = FALSE
	EndGlobalSection
	GlobalSection(ExtensibilityGlobals) = postSolution
		SolutionGuid = {64DC216E-EAC9-4A4A-B72E-CE31B01BA3F5}
	EndGlobalSection
EndGlobal
